
Microsoft Visual Studio Solution File, Format Version 12.00
# Visual Studio Version 16
VisualStudioVersion = 16.0.31702.278
MinimumVisualStudioVersion = 10.0.40219.1
Project("{FAE04EC0-301F-11D3-BF4B-00C04F79EFBC}") = "ExampleApplication", "ExampleApplication.csproj", "{54BE92D1-7BD0-4477-847D-8728FBB3BD79}"
EndProject
Project("{FAE04EC0-301F-11D3-BF4B-00C04F79EFBC}") = "ExampleLibrary", "..\ExampleLibrary\ExampleLibrary.csproj", "{B0474B3D-21C3-4897-87FD-F25E8AA70822}"
EndProject
Global
	GlobalSection(SolutionConfigurationPlatforms) = preSolution
		Debug|Any CPU = Debug|Any CPU
		Debug|x64 = Debug|x64
		Debug|x86 = Debug|x86
		Release|Any CPU = Release|Any CPU
		Release|x64 = Release|x64
		Release|x86 = Release|x86
	EndGlobalSection
	GlobalSection(ProjectConfigurationPlatforms) = postSolution
		{54BE92D1-7BD0-4477-847D-8728FBB3BD79}.Debug|Any CPU.ActiveCfg = Debug|Any CPU
		{54BE92D1-7BD0-4477-847D-8728FBB3BD79}.Debug|Any CPU.Build.0 = Debug|Any CPU
		{54BE92D1-7BD0-4477-847D-8728FBB3BD79}.Debug|x64.ActiveCfg = Debug|x64
		{54BE92D1-7BD0-4477-847D-8728FBB3BD79}.Debug|x64.Build.0 = Debug|x64
		{54BE92D1-7BD0-4477-847D-8728FBB3BD79}.Debug|x86.ActiveCfg = Debug|x64
		{54BE92D1-7BD0-4477-847D-8728FBB3BD79}.Debug|x86.Build.0 = Debug|x64
		{54BE92D1-7BD0-4477-847D-8728FBB3BD79}.Release|Any CPU.ActiveCfg = Release|Any CPU
		{54BE92D1-7BD0-4477-847D-8728FBB3BD79}.Release|Any CPU.Build.0 = Release|Any CPU
		{54BE92D1-7BD0-4477-847D-8728FBB3BD79}.Release|x64.ActiveCfg = Release|x64
		{54BE92D1-7BD0-4477-847D-8728FBB3BD79}.Release|x64.Build.0 = Release|x64
		{54BE92D1-7BD0-4477-847D-8728FBB3BD79}.Release|x86.ActiveCfg = Release|x86
		{54BE92D1-7BD0-4477-847D-8728FBB3BD79}.Release|x86.Build.0 = Release|x86
		{B0474B3D-21C3-4897-87FD-F25E8AA70822}.Debug|Any CPU.ActiveCfg = Debug|Any CPU
		{B0474B3D-21C3-4897-87FD-F25E8AA70822}.Debug|Any CPU.Build.0 = Debug|Any CPU
		{B0474B3D-21C3-4897-87FD-F25E8AA70822}.Debug|x64.ActiveCfg = Debug|x86
		{B0474B3D-21C3-4897-87FD-F25E8AA70822}.Debug|x64.Build.0 = Debug|x86
		{B0474B3D-21C3-4897-87FD-F25E8AA70822}.Debug|x86.ActiveCfg = Debug|Any CPU
		{B0474B3D-21C3-4897-87FD-F25E8AA70822}.Debug|x86.Build.0 = Debug|Any CPU
		{B0474B3D-21C3-4897-87FD-F25E8AA70822}.Release|Any CPU.ActiveCfg = Release|Any CPU
		{B0474B3D-21C3-4897-87FD-F25E8AA70822}.Release|Any CPU.Build.0 = Release|Any CPU
		{B0474B3D-21C3-4897-87FD-F25E8AA70822}.Release|x64.ActiveCfg = Release|Any CPU
		{B0474B3D-21C3-4897-87FD-F25E8AA70822}.Release|x64.Build.0 = Release|Any CPU
		{B0474B3D-21C3-4897-87FD-F25E8AA70822}.Release|x86.ActiveCfg = Release|Any CPU
		{B0474B3D-21C3-4897-87FD-F25E8AA70822}.Release|x86.Build.0 = Release|Any CPU
	EndGlobalSection
	GlobalSection(SolutionProperties) = preSolution
		HideSolutionNode = FALSE
	EndGlobalSection
	GlobalSection(ExtensibilityGlobals) = postSolution
		SolutionGuid = {90F7E66F-34FA-48FB-9D70-7AC9C0F0C990}
	EndGlobalSection
EndGlobal
